
Microsoft Visual Studio Solution File, Format Version 12.00
# Visual Studio Version 17
VisualStudioVersion = 17.14.36518.9 d17.14
MinimumVisualStudioVersion = 10.0.40219.1
Project("{FAE04EC0-301F-11D3-BF4B-00C04F79EFBC}") = "Aula19", "Aula19\Aula19.csproj", "{188B13F0-1293-4955-ACCE-926E775D9484}"
EndProject
Global
	GlobalSection(SolutionConfigurationPlatforms) = preSolution
		Debug|Any CPU = Debug|Any CPU
		Release|Any CPU = Release|Any CPU
	EndGlobalSection
	GlobalSection(ProjectConfigurationPlatforms) = postSolution
		{188B13F0-1293-4955-ACCE-926E775D9484}.Debug|Any CPU.ActiveCfg = Debug|Any CPU
		{188B13F0-1293-4955-ACCE-926E775D9484}.Debug|Any CPU.Build.0 = Debug|Any CPU
		{188B13F0-1293-4955-ACCE-926E775D9484}.Release|Any CPU.ActiveCfg = Release|Any CPU
		{188B13F0-1293-4955-ACCE-926E775D9484}.Release|Any CPU.Build.0 = Release|Any CPU
	EndGlobalSection
	GlobalSection(SolutionProperties) = preSolution
		HideSolutionNode = FALSE
	EndGlobalSection
	GlobalSection(ExtensibilityGlobals) = postSolution
		SolutionGuid = {917DF3AE-E1EB-4E83-9F87-58AC52B67765}
	EndGlobalSection
EndGlobal
